
Microsoft Visual Studio Solution File, Format Version 12.00
# Visual Studio 15
VisualStudioVersion = 15.0.27130.2027
MinimumVisualStudioVersion = 10.0.40219.1
Project("{535C04D7-A2A5-47C7-83E0-B340A995CD1F}") = "HelloWorld", "HelloWorld\HelloWorld.cblproj", "{AF85A217-7E3D-44B9-92A3-EA34B02E18BE}"
EndProject
Project("{535C04D7-A2A5-47C7-83E0-B340A995CD1F}") = "CreateMasterFile", "CreateMasterFile\CreateMasterFile.cblproj", "{986A7683-2F46-4541-BA59-2294AF73C645}"
EndProject
Project("{535C04D7-A2A5-47C7-83E0-B340A995CD1F}") = "FlyByNight", "FlyByNight\FlyByNight.cblproj", "{61B9952C-1955-45F3-B788-CFC8731A1FA5}"
EndProject
Project("{535C04D7-A2A5-47C7-83E0-B340A995CD1F}") = "SeqFile", "SeqFile\SeqFile.cblproj", "{5D01FDBA-1DF6-40CE-B7AD-7F54D45861E4}"
EndProject
Project("{535C04D7-A2A5-47C7-83E0-B340A995CD1F}") = "StudFees", "StudFees\StudFees.cblproj", "{B931A563-743C-442B-A2AB-1D40D3D5970D}"
EndProject
Project("{535C04D7-A2A5-47C7-83E0-B340A995CD1F}") = "Seq2Index", "Seq2Index\Seq2Index.cblproj", "{30E5A3D5-8050-4520-AF1C-11320EFD29DB}"
EndProject
Project("{535C04D7-A2A5-47C7-83E0-B340A995CD1F}") = "StudentAdminWFA", "StudentAdminWFA\StudentAdminWFA.cblproj", "{AA666195-41AA-4779-9552-985E838CC89C}"
EndProject
Project("{535C04D7-A2A5-47C7-83E0-B340A995CD1F}") = "CreateStudentAdminMaster", "CreateStudentAdminMasterFile\CreateStudentAdminMaster.cblproj", "{60F58649-8A76-45D8-9E6E-1DAB224D806F}"
EndProject
Project("{535C04D7-A2A5-47C7-83E0-B340A995CD1F}") = "ReadIndexVideoData", "ReadIndexVideoData\ReadIndexVideoData.cblproj", "{9BB11122-07A3-4084-A855-67FF054EAF3E}"
EndProject
Project("{535C04D7-A2A5-47C7-83E0-B340A995CD1F}") = "ProcessBookData", "ConsoleApplication1\ProcessBookData.cblproj", "{C5CBFE67-FE55-4B6D-809D-71BF7EF180D8}"
EndProject
Project("{535C04D7-A2A5-47C7-83E0-B340A995CD1F}") = "BookShopLectRpt", "BookShopLectRpt\BookShopLectRpt.cblproj", "{486D2AE0-39AC-47EF-85BD-8072A2BD4ADA}"
EndProject
Project("{535C04D7-A2A5-47C7-83E0-B340A995CD1F}") = "ReadVideoDirect", "ReadVideoDirect\ReadVideoDirect.cblproj", "{FDB718DC-ADA8-45FE-A0AE-2A477680A570}"
EndProject
Project("{535C04D7-A2A5-47C7-83E0-B340A995CD1F}") = "StudentAdminConsole", "StudentAdminConsole\StudentAdminConsole.cblproj", "{9CC5A1AB-227E-4FB3-8A74-CBCD0D3929AC}"
EndProject
Project("{535C04D7-A2A5-47C7-83E0-B340A995CD1F}") = "ListStudenAdmRecords", "ListStudenAdmRecords\ListStudenAdmRecords.cblproj", "{B208CE88-52AE-4612-B166-A37BBE03E516}"
EndProject
Global
	GlobalSection(SolutionConfigurationPlatforms) = preSolution
		Debug|Any CPU = Debug|Any CPU
		Debug|x86 = Debug|x86
		Release|Any CPU = Release|Any CPU
		Release|x86 = Release|x86
	EndGlobalSection
	GlobalSection(ProjectConfigurationPlatforms) = postSolution
		{AF85A217-7E3D-44B9-92A3-EA34B02E18BE}.Debug|Any CPU.ActiveCfg = Debug|x86
		{AF85A217-7E3D-44B9-92A3-EA34B02E18BE}.Debug|x86.ActiveCfg = Debug|x86
		{AF85A217-7E3D-44B9-92A3-EA34B02E18BE}.Debug|x86.Build.0 = Debug|x86
		{AF85A217-7E3D-44B9-92A3-EA34B02E18BE}.Release|Any CPU.ActiveCfg = Release|x86
		{AF85A217-7E3D-44B9-92A3-EA34B02E18BE}.Release|x86.ActiveCfg = Release|x86
		{AF85A217-7E3D-44B9-92A3-EA34B02E18BE}.Release|x86.Build.0 = Release|x86
		{986A7683-2F46-4541-BA59-2294AF73C645}.Debug|Any CPU.ActiveCfg = Debug|x86
		{986A7683-2F46-4541-BA59-2294AF73C645}.Debug|x86.ActiveCfg = Debug|x86
		{986A7683-2F46-4541-BA59-2294AF73C645}.Debug|x86.Build.0 = Debug|x86
		{986A7683-2F46-4541-BA59-2294AF73C645}.Release|Any CPU.ActiveCfg = Release|x86
		{986A7683-2F46-4541-BA59-2294AF73C645}.Release|x86.ActiveCfg = Release|x86
		{986A7683-2F46-4541-BA59-2294AF73C645}.Release|x86.Build.0 = Release|x86
		{61B9952C-1955-45F3-B788-CFC8731A1FA5}.Debug|Any CPU.ActiveCfg = Debug|x86
		{61B9952C-1955-45F3-B788-CFC8731A1FA5}.Debug|x86.ActiveCfg = Debug|x86
		{61B9952C-1955-45F3-B788-CFC8731A1FA5}.Debug|x86.Build.0 = Debug|x86
		{61B9952C-1955-45F3-B788-CFC8731A1FA5}.Release|Any CPU.ActiveCfg = Release|x86
		{61B9952C-1955-45F3-B788-CFC8731A1FA5}.Release|x86.ActiveCfg = Release|x86
		{61B9952C-1955-45F3-B788-CFC8731A1FA5}.Release|x86.Build.0 = Release|x86
		{5D01FDBA-1DF6-40CE-B7AD-7F54D45861E4}.Debug|Any CPU.ActiveCfg = Debug|x86
		{5D01FDBA-1DF6-40CE-B7AD-7F54D45861E4}.Debug|x86.ActiveCfg = Debug|x86
		{5D01FDBA-1DF6-40CE-B7AD-7F54D45861E4}.Debug|x86.Build.0 = Debug|x86
		{5D01FDBA-1DF6-40CE-B7AD-7F54D45861E4}.Release|Any CPU.ActiveCfg = Release|x86
		{5D01FDBA-1DF6-40CE-B7AD-7F54D45861E4}.Release|x86.ActiveCfg = Release|x86
		{5D01FDBA-1DF6-40CE-B7AD-7F54D45861E4}.Release|x86.Build.0 = Release|x86
		{B931A563-743C-442B-A2AB-1D40D3D5970D}.Debug|Any CPU.ActiveCfg = Debug|x86
		{B931A563-743C-442B-A2AB-1D40D3D5970D}.Debug|x86.ActiveCfg = Debug|x86
		{B931A563-743C-442B-A2AB-1D40D3D5970D}.Debug|x86.Build.0 = Debug|x86
		{B931A563-743C-442B-A2AB-1D40D3D5970D}.Release|Any CPU.ActiveCfg = Release|x86
		{B931A563-743C-442B-A2AB-1D40D3D5970D}.Release|x86.ActiveCfg = Release|x86
		{B931A563-743C-442B-A2AB-1D40D3D5970D}.Release|x86.Build.0 = Release|x86
		{30E5A3D5-8050-4520-AF1C-11320EFD29DB}.Debug|Any CPU.ActiveCfg = Debug|x86
		{30E5A3D5-8050-4520-AF1C-11320EFD29DB}.Debug|x86.ActiveCfg = Debug|x86
		{30E5A3D5-8050-4520-AF1C-11320EFD29DB}.Debug|x86.Build.0 = Debug|x86
		{30E5A3D5-8050-4520-AF1C-11320EFD29DB}.Release|Any CPU.ActiveCfg = Release|x86
		{30E5A3D5-8050-4520-AF1C-11320EFD29DB}.Release|x86.ActiveCfg = Release|x86
		{30E5A3D5-8050-4520-AF1C-11320EFD29DB}.Release|x86.Build.0 = Release|x86
		{AA666195-41AA-4779-9552-985E838CC89C}.Debug|Any CPU.ActiveCfg = Debug|Any CPU
		{AA666195-41AA-4779-9552-985E838CC89C}.Debug|Any CPU.Build.0 = Debug|Any CPU
		{AA666195-41AA-4779-9552-985E838CC89C}.Debug|x86.ActiveCfg = Debug|Any CPU
		{AA666195-41AA-4779-9552-985E838CC89C}.Debug|x86.Build.0 = Debug|Any CPU
		{AA666195-41AA-4779-9552-985E838CC89C}.Release|Any CPU.ActiveCfg = Release|Any CPU
		{AA666195-41AA-4779-9552-985E838CC89C}.Release|Any CPU.Build.0 = Release|Any CPU
		{AA666195-41AA-4779-9552-985E838CC89C}.Release|x86.ActiveCfg = Release|Any CPU
		{AA666195-41AA-4779-9552-985E838CC89C}.Release|x86.Build.0 = Release|Any CPU
		{60F58649-8A76-45D8-9E6E-1DAB224D806F}.Debug|Any CPU.ActiveCfg = Debug|x86
		{60F58649-8A76-45D8-9E6E-1DAB224D806F}.Debug|x86.ActiveCfg = Debug|x86
		{60F58649-8A76-45D8-9E6E-1DAB224D806F}.Debug|x86.Build.0 = Debug|x86
		{60F58649-8A76-45D8-9E6E-1DAB224D806F}.Release|Any CPU.ActiveCfg = Release|x86
		{60F58649-8A76-45D8-9E6E-1DAB224D806F}.Release|x86.ActiveCfg = Release|x86
		{60F58649-8A76-45D8-9E6E-1DAB224D806F}.Release|x86.Build.0 = Release|x86
		{9BB11122-07A3-4084-A855-67FF054EAF3E}.Debug|Any CPU.ActiveCfg = Debug|Any CPU
		{9BB11122-07A3-4084-A855-67FF054EAF3E}.Debug|Any CPU.Build.0 = Debug|Any CPU
		{9BB11122-07A3-4084-A855-67FF054EAF3E}.Debug|x86.ActiveCfg = Debug|Any CPU
		{9BB11122-07A3-4084-A855-67FF054EAF3E}.Debug|x86.Build.0 = Debug|Any CPU
		{9BB11122-07A3-4084-A855-67FF054EAF3E}.Release|Any CPU.ActiveCfg = Release|Any CPU
		{9BB11122-07A3-4084-A855-67FF054EAF3E}.Release|Any CPU.Build.0 = Release|Any CPU
		{9BB11122-07A3-4084-A855-67FF054EAF3E}.Release|x86.ActiveCfg = Release|Any CPU
		{9BB11122-07A3-4084-A855-67FF054EAF3E}.Release|x86.Build.0 = Release|Any CPU
		{C5CBFE67-FE55-4B6D-809D-71BF7EF180D8}.Debug|Any CPU.ActiveCfg = Debug|Any CPU
		{C5CBFE67-FE55-4B6D-809D-71BF7EF180D8}.Debug|Any CPU.Build.0 = Debug|Any CPU
		{C5CBFE67-FE55-4B6D-809D-71BF7EF180D8}.Debug|x86.ActiveCfg = Debug|Any CPU
		{C5CBFE67-FE55-4B6D-809D-71BF7EF180D8}.Debug|x86.Build.0 = Debug|Any CPU
		{C5CBFE67-FE55-4B6D-809D-71BF7EF180D8}.Release|Any CPU.ActiveCfg = Release|Any CPU
		{C5CBFE67-FE55-4B6D-809D-71BF7EF180D8}.Release|Any CPU.Build.0 = Release|Any CPU
		{C5CBFE67-FE55-4B6D-809D-71BF7EF180D8}.Release|x86.ActiveCfg = Release|Any CPU
		{C5CBFE67-FE55-4B6D-809D-71BF7EF180D8}.Release|x86.Build.0 = Release|Any CPU
		{486D2AE0-39AC-47EF-85BD-8072A2BD4ADA}.Debug|Any CPU.ActiveCfg = Debug|Any CPU
		{486D2AE0-39AC-47EF-85BD-8072A2BD4ADA}.Debug|Any CPU.Build.0 = Debug|Any CPU
		{486D2AE0-39AC-47EF-85BD-8072A2BD4ADA}.Debug|x86.ActiveCfg = Debug|Any CPU
		{486D2AE0-39AC-47EF-85BD-8072A2BD4ADA}.Debug|x86.Build.0 = Debug|Any CPU
		{486D2AE0-39AC-47EF-85BD-8072A2BD4ADA}.Release|Any CPU.ActiveCfg = Release|Any CPU
		{486D2AE0-39AC-47EF-85BD-8072A2BD4ADA}.Release|Any CPU.Build.0 = Release|Any CPU
		{486D2AE0-39AC-47EF-85BD-8072A2BD4ADA}.Release|x86.ActiveCfg = Release|Any CPU
		{486D2AE0-39AC-47EF-85BD-8072A2BD4ADA}.Release|x86.Build.0 = Release|Any CPU
		{FDB718DC-ADA8-45FE-A0AE-2A477680A570}.Debug|Any CPU.ActiveCfg = Debug|Any CPU
		{FDB718DC-ADA8-45FE-A0AE-2A477680A570}.Debug|Any CPU.Build.0 = Debug|Any CPU
		{FDB718DC-ADA8-45FE-A0AE-2A477680A570}.Debug|x86.ActiveCfg = Debug|Any CPU
		{FDB718DC-ADA8-45FE-A0AE-2A477680A570}.Debug|x86.Build.0 = Debug|Any CPU
		{FDB718DC-ADA8-45FE-A0AE-2A477680A570}.Release|Any CPU.ActiveCfg = Release|Any CPU
		{FDB718DC-ADA8-45FE-A0AE-2A477680A570}.Release|Any CPU.Build.0 = Release|Any CPU
		{FDB718DC-ADA8-45FE-A0AE-2A477680A570}.Release|x86.ActiveCfg = Release|Any CPU
		{FDB718DC-ADA8-45FE-A0AE-2A477680A570}.Release|x86.Build.0 = Release|Any CPU
		{9CC5A1AB-227E-4FB3-8A74-CBCD0D3929AC}.Debug|Any CPU.ActiveCfg = Debug|Any CPU
		{9CC5A1AB-227E-4FB3-8A74-CBCD0D3929AC}.Debug|Any CPU.Build.0 = Debug|Any CPU
		{9CC5A1AB-227E-4FB3-8A74-CBCD0D3929AC}.Debug|x86.ActiveCfg = Debug|Any CPU
		{9CC5A1AB-227E-4FB3-8A74-CBCD0D3929AC}.Debug|x86.Build.0 = Debug|Any CPU
		{9CC5A1AB-227E-4FB3-8A74-CBCD0D3929AC}.Release|Any CPU.ActiveCfg = Release|Any CPU
		{9CC5A1AB-227E-4FB3-8A74-CBCD0D3929AC}.Release|Any CPU.Build.0 = Release|Any CPU
		{9CC5A1AB-227E-4FB3-8A74-CBCD0D3929AC}.Release|x86.ActiveCfg = Release|Any CPU
		{9CC5A1AB-227E-4FB3-8A74-CBCD0D3929AC}.Release|x86.Build.0 = Release|Any CPU
		{B208CE88-52AE-4612-B166-A37BBE03E516}.Debug|Any CPU.ActiveCfg = Debug|Any CPU
		{B208CE88-52AE-4612-B166-A37BBE03E516}.Debug|Any CPU.Build.0 = Debug|Any CPU
		{B208CE88-52AE-4612-B166-A37BBE03E516}.Debug|x86.ActiveCfg = Debug|Any CPU
		{B208CE88-52AE-4612-B166-A37BBE03E516}.Debug|x86.Build.0 = Debug|Any CPU
		{B208CE88-52AE-4612-B166-A37BBE03E516}.Release|Any CPU.ActiveCfg = Release|Any CPU
		{B208CE88-52AE-4612-B166-A37BBE03E516}.Release|Any CPU.Build.0 = Release|Any CPU
		{B208CE88-52AE-4612-B166-A37BBE03E516}.Release|x86.ActiveCfg = Release|Any CPU
		{B208CE88-52AE-4612-B166-A37BBE03E516}.Release|x86.Build.0 = Release|Any CPU
	EndGlobalSection
	GlobalSection(SolutionProperties) = preSolution
		HideSolutionNode = FALSE
	EndGlobalSection
	GlobalSection(ExtensibilityGlobals) = postSolution
		SolutionGuid = {4CF29069-8398-4248-9B24-26BA4A25560B}
	EndGlobalSection
EndGlobal
